{
    "_readme": [
        "This file locks the dependencies of your project to a known state",
        "Read more about it at https://getcomposer.org/doc/01-basic-usage.md#installing-dependencies",
        "This file is @generated automatically"
    ],
    "content-hash": "43fa64d8cb7ecf6cbd476f8d9642ee88",
    "packages": [
        {
            "name": "jpgraph/jpgraph",
            "version": "4.0.2",
            "source": {
                "type": "git",
                "url": "https://github.com/ztec/JpGraph.git",
                "reference": "e82db7da6a546d3926c24c9a346226da7aa49094"
            },
            "dist": {
                "type": "zip",
                "url": "https://api.github.com/repos/ztec/JpGraph/zipball/e82db7da6a546d3926c24c9a346226da7aa49094",
                "reference": "e82db7da6a546d3926c24c9a346226da7aa49094",
                "shasum": ""
            },
            "type": "library",
            "autoload": {
                "classmap": [
                    "lib/JpGraph.php"
                ]
            },
            "notification-url": "https://packagist.org/downloads/",
            "license": [
                "QPL 1.0"
            ],
            "authors": [
                {
                    "name": "JpGraph team"
                }
            ],
            "description": "jpGraph, library to make graphs and charts",
            "homepage": "http://jpgraph.net/",
            "keywords": [
                "chart",
                "data",
                "graph",
                "jpgraph",
                "pie"
            ],
            "time": "2017-02-23T09:44:15+00:00"
        }
    ],
    "packages-dev": [],
    "aliases": [],
    "minimum-stability": "stable",
    "stability-flags": [],
    "prefer-stable": false,
    "prefer-lowest": false,
    "platform": [],
    "platform-dev": []
}
